<?xml version="1.0" encoding="utf-8"?>
<Project ToolsVersion="4.0" xmlns="http://schemas.microsoft.com/developer/msbuild/2003">
  <ItemGroup>
    <Filter Include="Sources">
      <UniqueIdentifier>{d40f613a-dd6a-4fcd-a3e1-3b514fe0fc6a}</UniqueIdentifier>
    </Filter>
  </ItemGroup>
  <ItemGroup>
    <ClCompile Include="..\Sources\main.cpp">
      <Filter>Sources</Filter>
    </ClCompile>
  </ItemGroup>
</Project>